// !$*UTF8*$!
{
	archiveVersion = 1;
	classes = {
	};
	objectVersion = 50;
	objects = {

/* Begin PBXBuildFile section */
		0B52806A21249A4C002D93E7 /* DataModel.xcdatamodeld in Sources */ = {isa = PBXBuildFile; fileRef = 0B52806821249A4C002D93E7 /* DataModel.xcdatamodeld */; };
		0B52806C2131D4A0002D93E7 /* CategoryViewController.swift in Sources */ = {isa = PBXBuildFile; fileRef = 0B52806B2131D4A0002D93E7 /* CategoryViewController.swift */; };
		0B6B6E0A2121E5AC00F7837C /* AppDelegate.swift in Sources */ = {isa = PBXBuildFile; fileRef = 0B6B6E092121E5AC00F7837C /* AppDelegate.swift */; };
		0B6B6E0C2121E5AC00F7837C /* ToDoListController.swift in Sources */ = {isa = PBXBuildFile; fileRef = 0B6B6E0B2121E5AC00F7837C /* ToDoListController.swift */; };
		0B6B6E0F2121E5AC00F7837C /* Main.storyboard in Resources */ = {isa = PBXBuildFile; fileRef = 0B6B6E0D2121E5AC00F7837C /* Main.storyboard */; };
		0B6B6E112121E5AF00F7837C /* Assets.xcassets in Resources */ = {isa = PBXBuildFile; fileRef = 0B6B6E102121E5AF00F7837C /* Assets.xcassets */; };
		0B6B6E142121E5AF00F7837C /* LaunchScreen.storyboard in Resources */ = {isa = PBXBuildFile; fileRef = 0B6B6E122121E5AF00F7837C /* LaunchScreen.storyboard */; };
/* End PBXBuildFile section */

/* Begin PBXFileReference section */
		0B52806921249A4C002D93E7 /* DataModel.xcdatamodel */ = {isa = PBXFileReference; lastKnownFileType = wrapper.xcdatamodel; path = DataModel.xcdatamodel; sourceTree = "<group>"; };
		0B52806B2131D4A0002D93E7 /* CategoryViewController.swift */ = {isa = PBXFileReference; lastKnownFileType = sourcecode.swift; path = CategoryViewController.swift; sourceTree = "<group>"; };
		0B6B6E062121E5AC00F7837C /* Todo.app */ = {isa = PBXFileReference; explicitFileType = wrapper.application; includeInIndex = 0; path = Todo.app; sourceTree = BUILT_PRODUCTS_DIR; };
		0B6B6E092121E5AC00F7837C /* AppDelegate.swift */ = {isa = PBXFileReference; lastKnownFileType = sourcecode.swift; path = AppDelegate.swift; sourceTree = "<group>"; };
		0B6B6E0B2121E5AC00F7837C /* ToDoListController.swift */ = {isa = PBXFileReference; lastKnownFileType = sourcecode.swift; path = ToDoListController.swift; sourceTree = "<group>"; };
		0B6B6E0E2121E5AC00F7837C /* Base */ = {isa = PBXFileReference; lastKnownFileType = file.storyboard; name = Base; path = Base.lproj/Main.storyboard; sourceTree = "<group>"; };
		0B6B6E102121E5AF00F7837C /* Assets.xcassets */ = {isa = PBXFileReference; lastKnownFileType = folder.assetcatalog; path = Assets.xcassets; sourceTree = "<group>"; };
		0B6B6E132121E5AF00F7837C /* Base */ = {isa = PBXFileReference; lastKnownFileType = file.storyboard; name = Base; path = Base.lproj/LaunchScreen.storyboard; sourceTree = "<group>"; };
		0B6B6E152121E5AF00F7837C /* Info.plist */ = {isa = PBXFileReference; lastKnownFileType = text.plist.xml; path = Info.plist; sourceTree = "<group>"; };
/* End PBXFileReference section */

/* Begin PBXFrameworksBuildPhase section */
		0B6B6E032121E5AC00F7837C /* Frameworks */ = {
			isa = PBXFrameworksBuildPhase;
			buildActionMask = 2147483647;
			files = (
			);
			runOnlyForDeploymentPostprocessing = 0;
		};
/* End PBXFrameworksBuildPhase section */

/* Begin PBXGroup section */
		0B6B6DFD2121E5AC00F7837C = {
			isa = PBXGroup;
			children = (
				0B6B6E082121E5AC00F7837C /* Todo */,
				0B6B6E072121E5AC00F7837C /* Products */,
			);
			sourceTree = "<group>";
		};
		0B6B6E072121E5AC00F7837C /* Products */ = {
			isa = PBXGroup;
			children = (
				0B6B6E062121E5AC00F7837C /* Todo.app */,
			);
			name = Products;
			sourceTree = "<group>";
		};
		0B6B6E082121E5AC00F7837C /* Todo */ = {
			isa = PBXGroup;
			children = (
				0B6B6E092121E5AC00F7837C /* AppDelegate.swift */,
				0B6B6E1E21234E2300F7837C /* Controllers */,
				0B6B6E1D21234E0F00F7837C /* DataModel */,
				0B6B6E1F21234E3100F7837C /* Views */,
				0B6B6E2021234E5700F7837C /* Supporting Files */,
				0B6B6E152121E5AF00F7837C /* Info.plist */,
			);
			path = Todo;
			sourceTree = "<group>";
		};
		0B6B6E1D21234E0F00F7837C /* DataModel */ = {
			isa = PBXGroup;
			children = (
				0B52806821249A4C002D93E7 /* DataModel.xcdatamodeld */,
			);
			path = DataModel;
			sourceTree = "<group>";
		};
		0B6B6E1E21234E2300F7837C /* Controllers */ = {
			isa = PBXGroup;
			children = (
				0B52806B2131D4A0002D93E7 /* CategoryViewController.swift */,
				0B6B6E0B2121E5AC00F7837C /* ToDoListController.swift */,
			);
			path = Controllers;
			sourceTree = "<group>";
		};
		0B6B6E1F21234E3100F7837C /* Views */ = {
			isa = PBXGroup;
			children = (
				0B6B6E0D2121E5AC00F7837C /* Main.storyboard */,
			);
			path = Views;
			sourceTree = "<group>";
		};
		0B6B6E2021234E5700F7837C /* Supporting Files */ = {
			isa = PBXGroup;
			children = (
				0B6B6E122121E5AF00F7837C /* LaunchScreen.storyboard */,
				0B6B6E102121E5AF00F7837C /* Assets.xcassets */,
			);
			path = "Supporting Files";
			sourceTree = "<group>";
		};
/* End PBXGroup section */

/* Begin PBXNativeTarget section */
		0B6B6E052121E5AC00F7837C /* Todo */ = {
			isa = PBXNativeTarget;
			buildConfigurationList = 0B6B6E182121E5AF00F7837C /* Build configuration list for PBXNativeTarget "Todo" */;
			buildPhases = (
				0B6B6E022121E5AC00F7837C /* Sources */,
				0B6B6E032121E5AC00F7837C /* Frameworks */,
				0B6B6E042121E5AC00F7837C /* Resources */,
			);
			buildRules = (
			);
			dependencies = (
			);
			name = Todo;
			productName = Todo;
			productReference = 0B6B6E062121E5AC00F7837C /* Todo.app */;
			productType = "com.apple.product-type.application";
		};
/* End PBXNativeTarget section */

/* Begin PBXProject section */
		0B6B6DFE2121E5AC00F7837C /* Project object */ = {
			isa = PBXProject;
			attributes = {
				LastSwiftUpdateCheck = 0940;
				LastUpgradeCheck = 0940;
				ORGANIZATIONNAME = "Ivan Mavrazas";
				TargetAttributes = {
					0B6B6E052121E5AC00F7837C = {
						CreatedOnToolsVersion = 9.4.1;
					};
				};
			};
			buildConfigurationList = 0B6B6E012121E5AC00F7837C /* Build configuration list for PBXProject "Todo" */;
			compatibilityVersion = "Xcode 9.3";
			developmentRegion = en;
			hasScannedForEncodings = 0;
			knownRegions = (
				en,
				Base,
			);
			mainGroup = 0B6B6DFD2121E5AC00F7837C;
			productRefGroup = 0B6B6E072121E5AC00F7837C /* Products */;
			projectDirPath = "";
			projectRoot = "";
			targets = (
				0B6B6E052121E5AC00F7837C /* Todo */,
			);
		};
/* End PBXProject section */

/* Begin PBXResourcesBuildPhase section */
		0B6B6E042121E5AC00F7837C /* Resources */ = {
			isa = PBXResourcesBuildPhase;
			buildActionMask = 2147483647;
			files = (
				0B6B6E142121E5AF00F7837C /* LaunchScreen.storyboard in Resources */,
				0B6B6E112121E5AF00F7837C /* Assets.xcassets in Resources */,
				0B6B6E0F2121E5AC00F7837C /* Main.storyboard in Resources */,
			);
			runOnlyForDeploymentPostprocessing = 0;
		};
/* End PBXResourcesBuildPhase section */

/* Begin PBXSourcesBuildPhase section */
		0B6B6E022121E5AC00F7837C /* Sources */ = {
			isa = PBXSourcesBuildPhase;
			buildActionMask = 2147483647;
			files = (
				0B52806C2131D4A0002D93E7 /* CategoryViewController.swift in Sources */,
				0B6B6E0C2121E5AC00F7837C /* ToDoListController.swift in Sources */,
				0B52806A21249A4C002D93E7 /* DataModel.xcdatamodeld in Sources */,
				0B6B6E0A2121E5AC00F7837C /* AppDelegate.swift in Sources */,
			);
			runOnlyForDeploymentPostprocessing = 0;
		};
/* End PBXSourcesBuildPhase section */

/* Begin PBXVariantGroup section */
		0B6B6E0D2121E5AC00F7837C /* Main.storyboard */ = {
			isa = PBXVariantGroup;
			children = (
				0B6B6E0E2121E5AC00F7837C /* Base */,
			);
			name = Main.storyboard;
			sourceTree = "<group>";
		};
		0B6B6E122121E5AF00F7837C /* LaunchScreen.storyboard */ = {
			isa = PBXVariantGroup;
			children = (
				0B6B6E132121E5AF00F7837C /* Base */,
			);
			name = LaunchScreen.storyboard;
			sourceTree = "<group>";
		};
/* End PBXVariantGroup section */

/* Begin XCBuildConfiguration section */
		0B6B6E162121E5AF00F7837C /* Debug */ = {
			isa = XCBuildConfiguration;
			buildSettings = {
				ALWAYS_SEARCH_USER_PATHS = NO;
				CLANG_ANALYZER_NONNULL = YES;
				CLANG_ANALYZER_NUMBER_OBJECT_CONVERSION = YES_AGGRESSIVE;
				CLANG_CXX_LANGUAGE_STANDARD = "gnu++14";
				CLANG_CXX_LIBRARY = "libc++";
				CLANG_ENABLE_MODULES = YES;
				CLANG_ENABLE_OBJC_ARC = YES;
				CLANG_ENABLE_OBJC_WEAK = YES;
				CLANG_WARN_BLOCK_CAPTURE_AUTORELEASING = YES;
				CLANG_WARN_BOOL_CONVERSION = YES;
				CLANG_WARN_COMMA = YES;
				CLANG_WARN_CONSTANT_CONVERSION = YES;
				CLANG_WARN_DEPRECATED_OBJC_IMPLEMENTATIONS = YES;
				CLANG_WARN_DIRECT_OBJC_ISA_USAGE = YES_ERROR;
				CLANG_WARN_DOCUMENTATION_COMMENTS = YES;
				CLANG_WARN_EMPTY_BODY = YES;
				CLANG_WARN_ENUM_CONVERSION = YES;
				CLANG_WARN_INFINITE_RECURSION = YES;
				CLANG_WARN_INT_CONVERSION = YES;
				CLANG_WARN_NON_LITERAL_NULL_CONVERSION = YES;
				CLANG_WARN_OBJC_IMPLICIT_RETAIN_SELF = YES;
				CLANG_WARN_OBJC_LITERAL_CONVERSION = YES;
				CLANG_WARN_OBJC_ROOT_CLASS = YES_ERROR;
				CLANG_WARN_RANGE_LOOP_ANALYSIS = YES;
				CLANG_WARN_STRICT_PROTOTYPES = YES;
				CLANG_WARN_SUSPICIOUS_MOVE = YES;
				CLANG_WARN_UNGUARDED_AVAILABILITY = YES_AGGRESSIVE;
				CLANG_WARN_UNREACHABLE_CODE = YES;
				CLANG_WARN__DUPLICATE_METHOD_MATCH = YES;
				CODE_SIGN_IDENTITY = "iPhone Developer";
				COPY_PHASE_STRIP = NO;
				DEBUG_INFORMATION_FORMAT = dwarf;
				ENABLE_STRICT_OBJC_MSGSEND = YES;
				ENABLE_TESTABILITY = YES;
				GCC_C_LANGUAGE_STANDARD = gnu11;
				GCC_DYNAMIC_NO_PIC = NO;
				GCC_NO_COMMON_BLOCKS = YES;
				GCC_OPTIMIZATION_LEVEL = 0;
				GCC_PREPROCESSOR_DEFINITIONS = (
					"DEBUG=1",
					"$(inherited)",
				);
				GCC_WARN_64_TO_32_BIT_CONVERSION = YES;
				GCC_WARN_ABOUT_RETURN_TYPE = YES_ERROR;
				GCC_WARN_UNDECLARED_SELECTOR = YES;
				GCC_WARN_UNINITIALIZED_AUTOS = YES_AGGRESSIVE;
				GCC_WARN_UNUSED_FUNCTION = YES;
				GCC_WARN_UNUSED_VARIABLE = YES;
				IPHONEOS_DEPLOYMENT_TARGET = 11.4;
				MTL_ENABLE_DEBUG_INFO = YES;
				ONLY_ACTIVE_ARCH = YES;
				SDKROOT = iphoneos;
				SWIFT_ACTIVE_COMPILATION_CONDITIONS = DEBUG;
				SWIFT_OPTIMIZATION_LEVEL = "-Onone";
			};
			name = Debug;
		};
		0B6B6E172121E5AF00F7837C /* Release */ = {
			isa = XCBuildConfiguration;
			buildSettings = {
				ALWAYS_SEARCH_USER_PATHS = NO;
				CLANG_ANALYZER_NONNULL = YES;
				CLANG_ANALYZER_NUMBER_OBJECT_CONVERSION = YES_AGGRESSIVE;
				CLANG_CXX_LANGUAGE_STANDARD = "gnu++14";
				CLANG_CXX_LIBRARY = "libc++";
				CLANG_ENABLE_MODULES = YES;
				CLANG_ENABLE_OBJC_ARC = YES;
				CLANG_ENABLE_OBJC_WEAK = YES;
				CLANG_WARN_BLOCK_CAPTURE_AUTORELEASING = YES;
				CLANG_WARN_BOOL_CONVERSION = YES;
				CLANG_WARN_COMMA = YES;
				CLANG_WARN_CONSTANT_CONVERSION = YES;
				CLANG_WARN_DEPRECATED_OBJC_IMPLEMENTATIONS = YES;
				CLANG_WARN_DIRECT_OBJC_ISA_USAGE = YES_ERROR;
				CLANG_WARN_DOCUMENTATION_COMMENTS = YES;
				CLANG_WARN_EMPTY_BODY = YES;
				CLANG_WARN_ENUM_CONVERSION = YES;
				CLANG_WARN_INFINITE_RECURSION = YES;
				CLANG_WARN_INT_CONVERSION = YES;
				CLANG_WARN_NON_LITERAL_NULL_CONVERSION = YES;
				CLANG_WARN_OBJC_IMPLICIT_RETAIN_SELF = YES;
				CLANG_WARN_OBJC_LITERAL_CONVERSION = YES;
				CLANG_WARN_OBJC_ROOT_CLASS = YES_ERROR;
				CLANG_WARN_RANGE_LOOP_ANALYSIS = YES;
				CLANG_WARN_STRICT_PROTOTYPES = YES;
				CLANG_WARN_SUSPICIOUS_MOVE = YES;
				CLANG_WARN_UNGUARDED_AVAILABILITY = YES_AGGRESSIVE;
				CLANG_WARN_UNREACHABLE_CODE = YES;
				CLANG_WARN__DUPLICATE_METHOD_MATCH = YES;
				CODE_SIGN_IDENTITY = "iPhone Developer";
				COPY_PHASE_STRIP = NO;
				DEBUG_INFORMATION_FORMAT = "dwarf-with-dsym";
				ENABLE_NS_ASSERTIONS = NO;
				ENABLE_STRICT_OBJC_MSGSEND = YES;
				GCC_C_LANGUAGE_STANDARD = gnu11;
				GCC_NO_COMMON_BLOCKS = YES;
				GCC_WARN_64_TO_32_BIT_CONVERSION = YES;
				GCC_WARN_ABOUT_RETURN_TYPE = YES_ERROR;
				GCC_WARN_UNDECLARED_SELECTOR = YES;
				GCC_WARN_UNINITIALIZED_AUTOS = YES_AGGRESSIVE;
				GCC_WARN_UNUSED_FUNCTION = YES;
				GCC_WARN_UNUSED_VARIABLE = YES;
				IPHONEOS_DEPLOYMENT_TARGET = 11.4;
				MTL_ENABLE_DEBUG_INFO = NO;
				SDKROOT = iphoneos;
				SWIFT_COMPILATION_MODE = wholemodule;
				SWIFT_OPTIMIZATION_LEVEL = "-O";
				VALIDATE_PRODUCT = YES;
			};
			name = Release;
		};
		0B6B6E192121E5AF00F7837C /* Debug */ = {
			isa = XCBuildConfiguration;
			buildSettings = {
				ASSETCATALOG_COMPILER_APPICON_NAME = AppIcon;
				CODE_SIGN_STYLE = Automatic;
				DEVELOPMENT_TEAM = G9P832L85M;
				INFOPLIST_FILE = Todo/Info.plist;
				LD_RUNPATH_SEARCH_PATHS = (
					"$(inherited)",
					"@executable_path/Frameworks",
				);
				PRODUCT_BUNDLE_IDENTIFIER = rs.IvanMavrazas.Todo;
				PRODUCT_NAME = "$(TARGET_NAME)";
				SWIFT_VERSION = 4.0;
				TARGETED_DEVICE_FAMILY = "1,2";
			};
			name = Debug;
		};
		0B6B6E1A2121E5AF00F7837C /* Release */ = {
			isa = XCBuildConfiguration;
			buildSettings = {
				ASSETCATALOG_COMPILER_APPICON_NAME = AppIcon;
				CODE_SIGN_STYLE = Automatic;
				DEVELOPMENT_TEAM = G9P832L85M;
				INFOPLIST_FILE = Todo/Info.plist;
				LD_RUNPATH_SEARCH_PATHS = (
					"$(inherited)",
					"@executable_path/Frameworks",
				);
				PRODUCT_BUNDLE_IDENTIFIER = rs.IvanMavrazas.Todo;
				PRODUCT_NAME = "$(TARGET_NAME)";
				SWIFT_VERSION = 4.0;
				TARGETED_DEVICE_FAMILY = "1,2";
			};
			name = Release;
		};
/* End XCBuildConfiguration section */

/* Begin XCConfigurationList section */
		0B6B6E012121E5AC00F7837C /* Build configuration list for PBXProject "Todo" */ = {
			isa = XCConfigurationList;
			buildConfigurations = (
				0B6B6E162121E5AF00F7837C /* Debug */,
				0B6B6E172121E5AF00F7837C /* Release */,
			);
			defaultConfigurationIsVisible = 0;
			defaultConfigurationName = Release;
		};
		0B6B6E182121E5AF00F7837C /* Build configuration list for PBXNativeTarget "Todo" */ = {
			isa = XCConfigurationList;
			buildConfigurations = (
				0B6B6E192121E5AF00F7837C /* Debug */,
				0B6B6E1A2121E5AF00F7837C /* Release */,
			);
			defaultConfigurationIsVisible = 0;
			defaultConfigurationName = Release;
		};
/* End XCConfigurationList section */

/* Begin XCVersionGroup section */
		0B52806821249A4C002D93E7 /* DataModel.xcdatamodeld */ = {
			isa = XCVersionGroup;
			children = (
				0B52806921249A4C002D93E7 /* DataModel.xcdatamodel */,
			);
			currentVersion = 0B52806921249A4C002D93E7 /* DataModel.xcdatamodel */;
			path = DataModel.xcdatamodeld;
			sourceTree = "<group>";
			versionGroupType = wrapper.xcdatamodel;
		};
/* End XCVersionGroup section */
	};
	rootObject = 0B6B6DFE2121E5AC00F7837C /* Project object */;
}
